# This file is generated by running "yarn install" inside your project.
# Manual changes might be lost - proceed with caution!

__metadata:
  version: 6
  cacheKey: 8

"@jridgewell/gen-mapping@npm:^0.3.0":
  version: 0.3.2
  resolution: "@jridgewell/gen-mapping@npm:0.3.2"
  dependencies:
    "@jridgewell/set-array": ^1.0.1
    "@jridgewell/sourcemap-codec": ^1.4.10
    "@jridgewell/trace-mapping": ^0.3.9
  checksum: 1832707a1c476afebe4d0fbbd4b9434fdb51a4c3e009ab1e9938648e21b7a97049fa6009393bdf05cab7504108413441df26d8a3c12193996e65493a4efb6882
  languageName: node
  linkType: hard

"@jridgewell/resolve-uri@npm:^3.0.3":
  version: 3.1.0
  resolution: "@jridgewell/resolve-uri@npm:3.1.0"
  checksum: b5ceaaf9a110fcb2780d1d8f8d4a0bfd216702f31c988d8042e5f8fbe353c55d9b0f55a1733afdc64806f8e79c485d2464680ac48a0d9fcadb9548ee6b81d267
  languageName: node
  linkType: hard

"@jridgewell/set-array@npm:^1.0.1":
  version: 1.1.2
  resolution: "@jridgewell/set-array@npm:1.1.2"
  checksum: 69a84d5980385f396ff60a175f7177af0b8da4ddb81824cb7016a9ef914eee9806c72b6b65942003c63f7983d4f39a5c6c27185bbca88eb4690b62075602e28e
  languageName: node
  linkType: hard

"@jridgewell/source-map@npm:^0.3.2":
  version: 0.3.2
  resolution: "@jridgewell/source-map@npm:0.3.2"
  dependencies:
    "@jridgewell/gen-mapping": ^0.3.0
    "@jridgewell/trace-mapping": ^0.3.9
  checksum: 1b83f0eb944e77b70559a394d5d3b3f98a81fcc186946aceb3ef42d036762b52ef71493c6c0a3b7c1d2f08785f53ba2df1277fe629a06e6109588ff4cdcf7482
  languageName: node
  linkType: hard

"@jridgewell/sourcemap-codec@npm:^1.4.10":
  version: 1.4.14
  resolution: "@jridgewell/sourcemap-codec@npm:1.4.14"
  checksum: 61100637b6d173d3ba786a5dff019e1a74b1f394f323c1fee337ff390239f053b87266c7a948777f4b1ee68c01a8ad0ab61e5ff4abb5a012a0b091bec391ab97
  languageName: node
  linkType: hard

"@jridgewell/trace-mapping@npm:^0.3.9":
  version: 0.3.14
  resolution: "@jridgewell/trace-mapping@npm:0.3.14"
  dependencies:
    "@jridgewell/resolve-uri": ^3.0.3
    "@jridgewell/sourcemap-codec": ^1.4.10
  checksum: b9537b9630ffb631aef9651a085fe361881cde1772cd482c257fe3c78c8fd5388d681f504a9c9fe1081b1c05e8f75edf55ee10fdb58d92bbaa8dbf6a7bd6b18c
  languageName: node
  linkType: hard

"acorn@npm:^8.5.0":
  version: 8.8.0
  resolution: "acorn@npm:8.8.0"
  bin:
    acorn: bin/acorn
  checksum: 7270ca82b242eafe5687a11fea6e088c960af712683756abf0791b68855ea9cace3057bd5e998ffcef50c944810c1e0ca1da526d02b32110e13c722aa959afdc
  languageName: node
  linkType: hard

"buffer-from@npm:^1.0.0":
  version: 1.1.2
  resolution: "buffer-from@npm:1.1.2"
  checksum: 0448524a562b37d4d7ed9efd91685a5b77a50672c556ea254ac9a6d30e3403a517d8981f10e565db24e8339413b43c97ca2951f10e399c6125a0d8911f5679bb
  languageName: node
  linkType: hard

"commander@npm:^2.20.0":
  version: 2.20.3
  resolution: "commander@npm:2.20.3"
  checksum: ab8c07884e42c3a8dbc5dd9592c606176c7eb5c1ca5ff274bcf907039b2c41de3626f684ea75ccf4d361ba004bbaff1f577d5384c155f3871e456bdf27becf9e
  languageName: node
  linkType: hard

"open-stories-element@workspace:.":
  version: 0.0.0-use.local
  resolution: "open-stories-element@workspace:."
  dependencies:
    openstories-types: 0.0.10
    terser: ^5.14.2
    typescript: ^4.7.4
  languageName: unknown
  linkType: soft

"openstories-types@npm:0.0.10":
  version: 0.0.10
  resolution: "openstories-types@npm:0.0.10"
  checksum: c7e0fc560d76924a5ccafcc032f0381a19ecc7f64518e40ad6f5f7e5a25c482c9183e824fbf38321dced23167020a6b5a73a3eea47efc804b8371e89a6d8c34b
  languageName: node
  linkType: hard

"source-map-support@npm:~0.5.20":
  version: 0.5.21
  resolution: "source-map-support@npm:0.5.21"
  dependencies:
    buffer-from: ^1.0.0
    source-map: ^0.6.0
  checksum: 43e98d700d79af1d36f859bdb7318e601dfc918c7ba2e98456118ebc4c4872b327773e5a1df09b0524e9e5063bb18f0934538eace60cca2710d1fa687645d137
  languageName: node
  linkType: hard

"source-map@npm:^0.6.0":
  version: 0.6.1
  resolution: "source-map@npm:0.6.1"
  checksum: 59ce8640cf3f3124f64ac289012c2b8bd377c238e316fb323ea22fbfe83da07d81e000071d7242cad7a23cd91c7de98e4df8830ec3f133cb6133a5f6e9f67bc2
  languageName: node
  linkType: hard

"terser@npm:^5.14.2":
  version: 5.14.2
  resolution: "terser@npm:5.14.2"
  dependencies:
    "@jridgewell/source-map": ^0.3.2
    acorn: ^8.5.0
    commander: ^2.20.0
    source-map-support: ~0.5.20
  bin:
    terser: bin/terser
  checksum: cabb50a640d6c2cfb351e4f43dc7bf7436f649755bb83eb78b2cacda426d5e0979bd44e6f92d713f3ca0f0866e322739b9ced888ebbce6508ad872d08de74fcc
  languageName: node
  linkType: hard

"typescript@npm:^4.7.4":
  version: 4.7.4
  resolution: "typescript@npm:4.7.4"
  bin:
    tsc: bin/tsc
    tsserver: bin/tsserver
  checksum: 5750181b1cd7e6482c4195825547e70f944114fb47e58e4aa7553e62f11b3f3173766aef9c281783edfd881f7b8299cf35e3ca8caebe73d8464528c907a164df
  languageName: node
  linkType: hard

"typescript@patch:typescript@^4.7.4#~builtin<compat/typescript>":
  version: 4.7.4
  resolution: "typescript@patch:typescript@npm%3A4.7.4#~builtin<compat/typescript>::version=4.7.4&hash=65a307"
  bin:
    tsc: bin/tsc
    tsserver: bin/tsserver
  checksum: 9096d8f6c16cb80ef3bf96fcbbd055bf1c4a43bd14f3b7be45a9fbe7ada46ec977f604d5feed3263b4f2aa7d4c7477ce5f9cd87de0d6feedec69a983f3a4f93e
  languageName: node
  linkType: hard
